
Microsoft Visual Studio Solution File, Format Version 12.00
# Visual Studio Version 17
VisualStudioVersion = 17.5.33530.505
MinimumVisualStudioVersion = 10.0.40219.1
Project("{FAE04EC0-301F-11D3-BF4B-00C04F79EFBC}") = "ZuydFit", "ZuydFit\ZuydFit.csproj", "{EEF1CB95-87B2-4062-9CBB-CCA7A6A6EBA4}"
EndProject
Global
	GlobalSection(SolutionConfigurationPlatforms) = preSolution
		Debug|Any CPU = Debug|Any CPU
		Release|Any CPU = Release|Any CPU
	EndGlobalSection
	GlobalSection(ProjectConfigurationPlatforms) = postSolution
		{EEF1CB95-87B2-4062-9CBB-CCA7A6A6EBA4}.Debug|Any CPU.ActiveCfg = Debug|Any CPU
		{EEF1CB95-87B2-4062-9CBB-CCA7A6A6EBA4}.Debug|Any CPU.Build.0 = Debug|Any CPU
		{EEF1CB95-87B2-4062-9CBB-CCA7A6A6EBA4}.Release|Any CPU.ActiveCfg = Release|Any CPU
		{EEF1CB95-87B2-4062-9CBB-CCA7A6A6EBA4}.Release|Any CPU.Build.0 = Release|Any CPU
	EndGlobalSection
	GlobalSection(SolutionProperties) = preSolution
		HideSolutionNode = FALSE
	EndGlobalSection
	GlobalSection(ExtensibilityGlobals) = postSolution
		SolutionGuid = {EF7BB03B-D7EB-4EA0-A96D-C1028637CE86}
	EndGlobalSection
EndGlobal
